
Microsoft Visual Studio Solution File, Format Version 12.00
# Visual Studio 15
Project("{FAE04EC0-301F-11D3-BF4B-00C04F79EFBC}") = "Assembly-CSharp", "Assembly-CSharp.csproj", "{4087DB6B-D765-21DE-FC01-E718D20B195B}"
EndProject
Project("{FAE04EC0-301F-11D3-BF4B-00C04F79EFBC}") = "Assembly-CSharp-Editor", "Assembly-CSharp-Editor.csproj", "{ED858BB4-D88B-9EBF-6931-FC48D6FED474}"
EndProject
Global
	GlobalSection(SolutionConfigurationPlatforms) = preSolution
		Debug|Any CPU = Debug|Any CPU
		Release|Any CPU = Release|Any CPU
	EndGlobalSection
	GlobalSection(ProjectConfigurationPlatforms) = postSolution
		{4087DB6B-D765-21DE-FC01-E718D20B195B}.Debug|Any CPU.ActiveCfg = Debug|Any CPU
		{4087DB6B-D765-21DE-FC01-E718D20B195B}.Debug|Any CPU.Build.0 = Debug|Any CPU
		{4087DB6B-D765-21DE-FC01-E718D20B195B}.Release|Any CPU.ActiveCfg = Release|Any CPU
		{4087DB6B-D765-21DE-FC01-E718D20B195B}.Release|Any CPU.Build.0 = Release|Any CPU
		{ED858BB4-D88B-9EBF-6931-FC48D6FED474}.Debug|Any CPU.ActiveCfg = Debug|Any CPU
		{ED858BB4-D88B-9EBF-6931-FC48D6FED474}.Debug|Any CPU.Build.0 = Debug|Any CPU
		{ED858BB4-D88B-9EBF-6931-FC48D6FED474}.Release|Any CPU.ActiveCfg = Release|Any CPU
		{ED858BB4-D88B-9EBF-6931-FC48D6FED474}.Release|Any CPU.Build.0 = Release|Any CPU
	EndGlobalSection
	GlobalSection(SolutionProperties) = preSolution
		HideSolutionNode = FALSE
	EndGlobalSection
EndGlobal
